
Microsoft Visual Studio Solution File, Format Version 12.00
# Visual Studio 15
VisualStudioVersion = 15.0.28307.539
MinimumVisualStudioVersion = 10.0.40219.1
Project("{8BC9CEB8-8B4A-11D0-8D11-00A0C91BC942}") = "WordCounter", "WordCounter\WordCounter.vcxproj", "{37814C23-6182-46AF-9B89-F9361E14359A}"
EndProject
Global
	GlobalSection(SolutionConfigurationPlatforms) = preSolution
		Debug|x64 = Debug|x64
		Debug|x86 = Debug|x86
		Release|x64 = Release|x64
		Release|x86 = Release|x86
	EndGlobalSection
	GlobalSection(ProjectConfigurationPlatforms) = postSolution
		{37814C23-6182-46AF-9B89-F9361E14359A}.Debug|x64.ActiveCfg = Debug|x64
		{37814C23-6182-46AF-9B89-F9361E14359A}.Debug|x64.Build.0 = Debug|x64
		{37814C23-6182-46AF-9B89-F9361E14359A}.Debug|x86.ActiveCfg = Debug|Win32
		{37814C23-6182-46AF-9B89-F9361E14359A}.Debug|x86.Build.0 = Debug|Win32
		{37814C23-6182-46AF-9B89-F9361E14359A}.Release|x64.ActiveCfg = Release|x64
		{37814C23-6182-46AF-9B89-F9361E14359A}.Release|x64.Build.0 = Release|x64
		{37814C23-6182-46AF-9B89-F9361E14359A}.Release|x86.ActiveCfg = Release|Win32
		{37814C23-6182-46AF-9B89-F9361E14359A}.Release|x86.Build.0 = Release|Win32
	EndGlobalSection
	GlobalSection(SolutionProperties) = preSolution
		HideSolutionNode = FALSE
	EndGlobalSection
	GlobalSection(ExtensibilityGlobals) = postSolution
		SolutionGuid = {F9E33D80-1E0E-4022-8E87-5B2A0205386A}
	EndGlobalSection
EndGlobal
